# THIS IS AN AUTOGENERATED FILE. DO NOT EDIT THIS FILE DIRECTLY.
# yarn lockfile v1


froala-editor@^4.0.17:
  version "4.0.17"
  resolved "https://registry.yarnpkg.com/froala-editor/-/froala-editor-4.0.17.tgz#49473592070f8d30eee05ab7a218acad7ead9313"
  integrity sha512-JJTOhoLC9zfJ/0WYJ+zS3p0F2wm6p3JONV1JUwo+NSOKYgpK5gr2/GA0qn7WUuAkV+j3JGcSalOT8StiV2ZJ8w==
